<?xml version="1.0" encoding="utf-8"?>
<Project ToolsVersion="4.0" xmlns="http://schemas.microsoft.com/developer/msbuild/2003">
  <ItemGroup>
    <Filter Include="소스 파일">
      <UniqueIdentifier>{4FC737F1-C7A5-4376-A066-2A32D752A2FF}</UniqueIdentifier>
      <Extensions>cpp;c;cc;cxx;def;odl;idl;hpj;bat;asm;asmx</Extensions>
    </Filter>
    <Filter Include="헤더 파일">
      <UniqueIdentifier>{93995380-89BD-4b04-88EB-625FBE52EBFB}</UniqueIdentifier>
      <Extensions>h;hh;hpp;hxx;hm;inl;inc;ipp;xsd</Extensions>
    </Filter>
    <Filter Include="리소스 파일">
      <UniqueIdentifier>{67DA6AB6-F800-4c08-8B7A-83BB121AAD01}</UniqueIdentifier>
      <Extensions>rc;ico;cur;bmp;dlg;rc2;rct;bin;rgs;gif;jpg;jpeg;jpe;resx;tiff;tif;png;wav;mfcribbon-ms</Extensions>
    </Filter>
  </ItemGroup>
  <ItemGroup>
    <ClCompile Include="2_lazy1.cpp">
      <Filter>소스 파일</Filter>
    </ClCompile>
    <ClCompile Include="3_부분특수화1.cpp">
      <Filter>소스 파일</Filter>
    </ClCompile>
    <ClCompile Include="3_부분특수화2.cpp">
      <Filter>소스 파일</Filter>
    </ClCompile>
    <ClCompile Include="4_type_traits.cpp">
      <Filter>소스 파일</Filter>
    </ClCompile>
    <ClCompile Include="4_type_traits2.cpp">
      <Filter>소스 파일</Filter>
    </ClCompile>
    <ClCompile Include="4_type_traits3.cpp">
      <Filter>소스 파일</Filter>
    </ClCompile>
    <ClCompile Include="4_type_traits4.cpp">
      <Filter>소스 파일</Filter>
    </ClCompile>
    <ClCompile Include="4_type_traits5.cpp">
      <Filter>소스 파일</Filter>
    </ClCompile>
    <ClCompile Include="4_type_traits6.cpp">
      <Filter>소스 파일</Filter>
    </ClCompile>
    <ClCompile Include="4_type_traits7.cpp">
      <Filter>소스 파일</Filter>
    </ClCompile>
    <ClCompile Include="4_type_traits8.cpp">
      <Filter>소스 파일</Filter>
    </ClCompile>
    <ClCompile Include="5_integral_constant1.cpp">
      <Filter>소스 파일</Filter>
    </ClCompile>
    <ClCompile Include="5_integral_constant2.cpp">
      <Filter>소스 파일</Filter>
    </ClCompile>
    <ClCompile Include="5_integral_constant3.cpp">
      <Filter>소스 파일</Filter>
    </ClCompile>
    <ClCompile Include="5_integral_constant4.cpp">
      <Filter>소스 파일</Filter>
    </ClCompile>
    <ClCompile Include="5_integral_constant5.cpp">
      <Filter>소스 파일</Filter>
    </ClCompile>
    <ClCompile Include="5_integral_constant6.cpp">
      <Filter>소스 파일</Filter>
    </ClCompile>
    <ClCompile Include="5_integral_constant7.cpp">
      <Filter>소스 파일</Filter>
    </ClCompile>
    <ClCompile Include="6_SFINAE.cpp">
      <Filter>소스 파일</Filter>
    </ClCompile>
    <ClCompile Include="6_SFINAE2.cpp">
      <Filter>소스 파일</Filter>
    </ClCompile>
    <ClCompile Include="7_enable_if1.cpp">
      <Filter>소스 파일</Filter>
    </ClCompile>
    <ClCompile Include="7_enable_if2.cpp">
      <Filter>소스 파일</Filter>
    </ClCompile>
    <ClCompile Include="7_enable_if3.cpp">
      <Filter>소스 파일</Filter>
    </ClCompile>
    <ClCompile Include="7_enable_if4.cpp">
      <Filter>소스 파일</Filter>
    </ClCompile>
    <ClCompile Include="9_conversion1.cpp">
      <Filter>소스 파일</Filter>
    </ClCompile>
    <ClCompile Include="9_conversion2.cpp">
      <Filter>소스 파일</Filter>
    </ClCompile>
    <ClCompile Include="9_conversion3.cpp">
      <Filter>소스 파일</Filter>
    </ClCompile>
    <ClCompile Include="9_conversion4.cpp">
      <Filter>소스 파일</Filter>
    </ClCompile>
    <ClCompile Include="9_conversion5.cpp">
      <Filter>소스 파일</Filter>
    </ClCompile>
    <ClCompile Include="9_conversion6.cpp">
      <Filter>소스 파일</Filter>
    </ClCompile>
    <ClCompile Include="1_typename1.cpp">
      <Filter>소스 파일</Filter>
    </ClCompile>
    <ClCompile Include="1_typename2.cpp">
      <Filter>소스 파일</Filter>
    </ClCompile>
    <ClCompile Include="8_printv1.cpp">
      <Filter>소스 파일</Filter>
    </ClCompile>
    <ClCompile Include="8_printv2.cpp">
      <Filter>소스 파일</Filter>
    </ClCompile>
    <ClCompile Include="8_printv3.cpp">
      <Filter>소스 파일</Filter>
    </ClCompile>
    <ClCompile Include="8_printv4.cpp">
      <Filter>소스 파일</Filter>
    </ClCompile>
  </ItemGroup>
  <ItemGroup>
    <ClInclude Include="cppmaster.h">
      <Filter>소스 파일</Filter>
    </ClInclude>
  </ItemGroup>
</Project>