<?xml version="1.0" encoding="utf-8"?>
<Project ToolsVersion="4.0" xmlns="http://schemas.microsoft.com/developer/msbuild/2003">
  <ItemGroup>
    <Filter Include="소스 파일">
      <UniqueIdentifier>{4FC737F1-C7A5-4376-A066-2A32D752A2FF}</UniqueIdentifier>
      <Extensions>cpp;c;cc;cxx;def;odl;idl;hpj;bat;asm;asmx</Extensions>
    </Filter>
    <Filter Include="헤더 파일">
      <UniqueIdentifier>{93995380-89BD-4b04-88EB-625FBE52EBFB}</UniqueIdentifier>
      <Extensions>h;hh;hpp;hxx;hm;inl;inc;ipp;xsd</Extensions>
    </Filter>
    <Filter Include="리소스 파일">
      <UniqueIdentifier>{67DA6AB6-F800-4c08-8B7A-83BB121AAD01}</UniqueIdentifier>
      <Extensions>rc;ico;cur;bmp;dlg;rc2;rct;bin;rgs;gif;jpg;jpeg;jpe;resx;tiff;tif;png;wav;mfcribbon-ms</Extensions>
    </Filter>
  </ItemGroup>
  <ItemGroup>
    <ClCompile Include="1_상수멤버함수.cpp">
      <Filter>소스 파일</Filter>
    </ClCompile>
    <ClCompile Include="1_상수멤버함수2.cpp">
      <Filter>소스 파일</Filter>
    </ClCompile>
    <ClCompile Include="2_thiscall1.cpp">
      <Filter>소스 파일</Filter>
    </ClCompile>
    <ClCompile Include="2_thiscall2.cpp">
      <Filter>소스 파일</Filter>
    </ClCompile>
    <ClCompile Include="2_thiscall3.cpp">
      <Filter>소스 파일</Filter>
    </ClCompile>
    <ClCompile Include="2_thiscall4.cpp">
      <Filter>소스 파일</Filter>
    </ClCompile>
    <ClCompile Include="2_thiscall5.cpp">
      <Filter>소스 파일</Filter>
    </ClCompile>
    <ClCompile Include="2_thiscall6.cpp">
      <Filter>소스 파일</Filter>
    </ClCompile>
    <ClCompile Include="2_thiscall7.cpp">
      <Filter>소스 파일</Filter>
    </ClCompile>
    <ClCompile Include="3_constructor1.cpp">
      <Filter>소스 파일</Filter>
    </ClCompile>
    <ClCompile Include="3_constructor2.cpp">
      <Filter>소스 파일</Filter>
    </ClCompile>
    <ClCompile Include="3_constructor3.cpp">
      <Filter>소스 파일</Filter>
    </ClCompile>
    <ClCompile Include="3_constructor4.cpp">
      <Filter>소스 파일</Filter>
    </ClCompile>
    <ClCompile Include="4_trivial1.cpp">
      <Filter>소스 파일</Filter>
    </ClCompile>
    <ClCompile Include="4_trivial2.cpp">
      <Filter>소스 파일</Filter>
    </ClCompile>
    <ClCompile Include="4_trivial3.cpp">
      <Filter>소스 파일</Filter>
    </ClCompile>
    <ClCompile Include="4_trivial4.cpp">
      <Filter>소스 파일</Filter>
    </ClCompile>
    <ClCompile Include="4_trivial5.cpp">
      <Filter>소스 파일</Filter>
    </ClCompile>
    <ClCompile Include="7_reference_counting1.cpp">
      <Filter>소스 파일</Filter>
    </ClCompile>
    <ClCompile Include="7_reference_counting2.cpp">
      <Filter>소스 파일</Filter>
    </ClCompile>
    <ClCompile Include="2_thiscall3_1.cpp">
      <Filter>소스 파일</Filter>
    </ClCompile>
    <ClCompile Include="2_thiscall3_2.cpp">
      <Filter>소스 파일</Filter>
    </ClCompile>
    <ClCompile Include="spaceship.cpp">
      <Filter>소스 파일</Filter>
    </ClCompile>
    <ClCompile Include="3_constructor2_1.cpp">
      <Filter>소스 파일</Filter>
    </ClCompile>
    <ClCompile Include="3_constructor4_1.cpp">
      <Filter>소스 파일</Filter>
    </ClCompile>
    <ClCompile Include="3_constructor4_2.cpp">
      <Filter>소스 파일</Filter>
    </ClCompile>
    <ClCompile Include="4_trivial6.cpp">
      <Filter>소스 파일</Filter>
    </ClCompile>
    <ClCompile Include="4_trivial7.cpp">
      <Filter>소스 파일</Filter>
    </ClCompile>
    <ClCompile Include="7_refcount3.cpp">
      <Filter>소스 파일</Filter>
    </ClCompile>
    <ClCompile Include="7_refcount4.cpp">
      <Filter>소스 파일</Filter>
    </ClCompile>
    <ClCompile Include="7_refcount5.cpp">
      <Filter>소스 파일</Filter>
    </ClCompile>
    <ClCompile Include="7_refcount6.cpp">
      <Filter>소스 파일</Filter>
    </ClCompile>
    <ClCompile Include="7_refcount7.cpp">
      <Filter>소스 파일</Filter>
    </ClCompile>
    <ClCompile Include="7_refcount8.cpp">
      <Filter>소스 파일</Filter>
    </ClCompile>
    <ClCompile Include="7_refcount9.cpp">
      <Filter>소스 파일</Filter>
    </ClCompile>
    <ClCompile Include="7_refcount10.cpp">
      <Filter>소스 파일</Filter>
    </ClCompile>
  </ItemGroup>
  <ItemGroup>
    <Text Include="실습환경.txt">
      <Filter>소스 파일</Filter>
    </Text>
  </ItemGroup>
</Project>