
Microsoft Visual Studio Solution File, Format Version 12.00
# Visual Studio Express 15 for Windows Desktop
VisualStudioVersion = 15.0.28307.1401
MinimumVisualStudioVersion = 10.0.40219.1
Project("{8BC9CEB8-8B4A-11D0-8D11-00A0C91BC942}") = "DAY5", "DAY5.vcxproj", "{781466A5-3E2B-4829-9544-C99C1B652E57}"
EndProject
Global
	GlobalSection(SolutionConfigurationPlatforms) = preSolution
		Debug|x64 = Debug|x64
		Debug|x86 = Debug|x86
		Release|x64 = Release|x64
		Release|x86 = Release|x86
	EndGlobalSection
	GlobalSection(ProjectConfigurationPlatforms) = postSolution
		{781466A5-3E2B-4829-9544-C99C1B652E57}.Debug|x64.ActiveCfg = Debug|x64
		{781466A5-3E2B-4829-9544-C99C1B652E57}.Debug|x64.Build.0 = Debug|x64
		{781466A5-3E2B-4829-9544-C99C1B652E57}.Debug|x86.ActiveCfg = Debug|Win32
		{781466A5-3E2B-4829-9544-C99C1B652E57}.Debug|x86.Build.0 = Debug|Win32
		{781466A5-3E2B-4829-9544-C99C1B652E57}.Release|x64.ActiveCfg = Release|x64
		{781466A5-3E2B-4829-9544-C99C1B652E57}.Release|x64.Build.0 = Release|x64
		{781466A5-3E2B-4829-9544-C99C1B652E57}.Release|x86.ActiveCfg = Release|Win32
		{781466A5-3E2B-4829-9544-C99C1B652E57}.Release|x86.Build.0 = Release|Win32
	EndGlobalSection
	GlobalSection(SolutionProperties) = preSolution
		HideSolutionNode = FALSE
	EndGlobalSection
	GlobalSection(ExtensibilityGlobals) = postSolution
		SolutionGuid = {8C08033A-CDCF-43C1-95F5-A1BDBA5E1D96}
	EndGlobalSection
EndGlobal
