
Microsoft Visual Studio Solution File, Format Version 12.00
# Visual Studio Express 15 for Windows Desktop
VisualStudioVersion = 15.0.28307.1401
MinimumVisualStudioVersion = 10.0.40219.1
Project("{8BC9CEB8-8B4A-11D0-8D11-00A0C91BC942}") = "DAY3", "DAY3.vcxproj", "{869BC101-6050-4512-9EAC-3A4FE43A89A2}"
EndProject
Global
	GlobalSection(SolutionConfigurationPlatforms) = preSolution
		Debug|x64 = Debug|x64
		Debug|x86 = Debug|x86
		Release|x64 = Release|x64
		Release|x86 = Release|x86
	EndGlobalSection
	GlobalSection(ProjectConfigurationPlatforms) = postSolution
		{869BC101-6050-4512-9EAC-3A4FE43A89A2}.Debug|x64.ActiveCfg = Debug|x64
		{869BC101-6050-4512-9EAC-3A4FE43A89A2}.Debug|x64.Build.0 = Debug|x64
		{869BC101-6050-4512-9EAC-3A4FE43A89A2}.Debug|x86.ActiveCfg = Debug|Win32
		{869BC101-6050-4512-9EAC-3A4FE43A89A2}.Debug|x86.Build.0 = Debug|Win32
		{869BC101-6050-4512-9EAC-3A4FE43A89A2}.Release|x64.ActiveCfg = Release|x64
		{869BC101-6050-4512-9EAC-3A4FE43A89A2}.Release|x64.Build.0 = Release|x64
		{869BC101-6050-4512-9EAC-3A4FE43A89A2}.Release|x86.ActiveCfg = Release|Win32
		{869BC101-6050-4512-9EAC-3A4FE43A89A2}.Release|x86.Build.0 = Release|Win32
	EndGlobalSection
	GlobalSection(SolutionProperties) = preSolution
		HideSolutionNode = FALSE
	EndGlobalSection
	GlobalSection(ExtensibilityGlobals) = postSolution
		SolutionGuid = {A79D4586-B9CE-44F5-8C65-8EA31D0E8274}
	EndGlobalSection
EndGlobal
