
Microsoft Visual Studio Solution File, Format Version 12.00
# Visual Studio Express 15 for Windows Desktop
VisualStudioVersion = 15.0.28307.1401
MinimumVisualStudioVersion = 10.0.40219.1
Project("{8BC9CEB8-8B4A-11D0-8D11-00A0C91BC942}") = "DAY4", "DAY4.vcxproj", "{115ADABD-2D7A-4A3E-B561-098ED18D54C4}"
EndProject
Global
	GlobalSection(SolutionConfigurationPlatforms) = preSolution
		Debug|x64 = Debug|x64
		Debug|x86 = Debug|x86
		Release|x64 = Release|x64
		Release|x86 = Release|x86
	EndGlobalSection
	GlobalSection(ProjectConfigurationPlatforms) = postSolution
		{115ADABD-2D7A-4A3E-B561-098ED18D54C4}.Debug|x64.ActiveCfg = Debug|x64
		{115ADABD-2D7A-4A3E-B561-098ED18D54C4}.Debug|x64.Build.0 = Debug|x64
		{115ADABD-2D7A-4A3E-B561-098ED18D54C4}.Debug|x86.ActiveCfg = Debug|Win32
		{115ADABD-2D7A-4A3E-B561-098ED18D54C4}.Debug|x86.Build.0 = Debug|Win32
		{115ADABD-2D7A-4A3E-B561-098ED18D54C4}.Release|x64.ActiveCfg = Release|x64
		{115ADABD-2D7A-4A3E-B561-098ED18D54C4}.Release|x64.Build.0 = Release|x64
		{115ADABD-2D7A-4A3E-B561-098ED18D54C4}.Release|x86.ActiveCfg = Release|Win32
		{115ADABD-2D7A-4A3E-B561-098ED18D54C4}.Release|x86.Build.0 = Release|Win32
	EndGlobalSection
	GlobalSection(SolutionProperties) = preSolution
		HideSolutionNode = FALSE
	EndGlobalSection
	GlobalSection(ExtensibilityGlobals) = postSolution
		SolutionGuid = {05F75D49-2674-4867-8FF5-4BC42D9388ED}
	EndGlobalSection
EndGlobal
